
Microsoft Visual Studio Solution File, Format Version 12.00
# Visual Studio Version 16
VisualStudioVersion = 16.0.30717.126
MinimumVisualStudioVersion = 10.0.40219.1
Project("{FAE04EC0-301F-11D3-BF4B-00C04F79EFBC}") = "MyReflection", "MyReflection\MyReflection.csproj", "{1CD9B15C-3AF4-4EBD-A734-3523FB106B50}"
EndProject
Global
	GlobalSection(SolutionConfigurationPlatforms) = preSolution
		Debug|Any CPU = Debug|Any CPU
		Release|Any CPU = Release|Any CPU
	EndGlobalSection
	GlobalSection(ProjectConfigurationPlatforms) = postSolution
		{1CD9B15C-3AF4-4EBD-A734-3523FB106B50}.Debug|Any CPU.ActiveCfg = Debug|Any CPU
		{1CD9B15C-3AF4-4EBD-A734-3523FB106B50}.Debug|Any CPU.Build.0 = Debug|Any CPU
		{1CD9B15C-3AF4-4EBD-A734-3523FB106B50}.Release|Any CPU.ActiveCfg = Release|Any CPU
		{1CD9B15C-3AF4-4EBD-A734-3523FB106B50}.Release|Any CPU.Build.0 = Release|Any CPU
	EndGlobalSection
	GlobalSection(SolutionProperties) = preSolution
		HideSolutionNode = FALSE
	EndGlobalSection
	GlobalSection(ExtensibilityGlobals) = postSolution
		SolutionGuid = {06218C21-2323-4E3C-8DC0-688BA9B7AAF6}
	EndGlobalSection
EndGlobal
